
Microsoft Visual Studio Solution File, Format Version 12.00
# Visual Studio Version 16
VisualStudioVersion = 16.0.28527.54
MinimumVisualStudioVersion = 10.0.40219.1
Project("{8BC9CEB8-8B4A-11D0-8D11-00A0C91BC942}") = "KiwiGUI", "KiwiGUI\KiwiGUI.vcxproj", "{90878620-21CD-4D57-ABFF-A42F8DD9226D}"
EndProject
Project("{8BC9CEB8-8B4A-11D0-8D11-00A0C91BC942}") = "Testing", "Testing\Testing.vcxproj", "{B8046E90-0435-4D20-BE87-24BBE2D35370}"
	ProjectSection(ProjectDependencies) = postProject
		{90878620-21CD-4D57-ABFF-A42F8DD9226D} = {90878620-21CD-4D57-ABFF-A42F8DD9226D}
	EndProjectSection
EndProject
Global
	GlobalSection(SolutionConfigurationPlatforms) = preSolution
		Debug|x64 = Debug|x64
		Debug|x86 = Debug|x86
		Release|x64 = Release|x64
		Release|x86 = Release|x86
	EndGlobalSection
	GlobalSection(ProjectConfigurationPlatforms) = postSolution
		{90878620-21CD-4D57-ABFF-A42F8DD9226D}.Debug|x64.ActiveCfg = Debug|x64
		{90878620-21CD-4D57-ABFF-A42F8DD9226D}.Debug|x64.Build.0 = Debug|x64
		{90878620-21CD-4D57-ABFF-A42F8DD9226D}.Debug|x86.ActiveCfg = Debug|Win32
		{90878620-21CD-4D57-ABFF-A42F8DD9226D}.Debug|x86.Build.0 = Debug|Win32
		{90878620-21CD-4D57-ABFF-A42F8DD9226D}.Release|x64.ActiveCfg = Release|x64
		{90878620-21CD-4D57-ABFF-A42F8DD9226D}.Release|x64.Build.0 = Release|x64
		{90878620-21CD-4D57-ABFF-A42F8DD9226D}.Release|x86.ActiveCfg = Release|Win32
		{90878620-21CD-4D57-ABFF-A42F8DD9226D}.Release|x86.Build.0 = Release|Win32
		{B8046E90-0435-4D20-BE87-24BBE2D35370}.Debug|x64.ActiveCfg = Debug|x64
		{B8046E90-0435-4D20-BE87-24BBE2D35370}.Debug|x64.Build.0 = Debug|x64
		{B8046E90-0435-4D20-BE87-24BBE2D35370}.Debug|x86.ActiveCfg = Debug|Win32
		{B8046E90-0435-4D20-BE87-24BBE2D35370}.Debug|x86.Build.0 = Debug|Win32
		{B8046E90-0435-4D20-BE87-24BBE2D35370}.Release|x64.ActiveCfg = Release|x64
		{B8046E90-0435-4D20-BE87-24BBE2D35370}.Release|x64.Build.0 = Release|x64
		{B8046E90-0435-4D20-BE87-24BBE2D35370}.Release|x86.ActiveCfg = Release|Win32
		{B8046E90-0435-4D20-BE87-24BBE2D35370}.Release|x86.Build.0 = Release|Win32
	EndGlobalSection
	GlobalSection(SolutionProperties) = preSolution
		HideSolutionNode = FALSE
	EndGlobalSection
	GlobalSection(ExtensibilityGlobals) = postSolution
		SolutionGuid = {30506672-FDEC-4D60-9817-AAA874896CB2}
	EndGlobalSection
EndGlobal
